
Microsoft Visual Studio Solution File, Format Version 12.00
# Visual Studio 14
VisualStudioVersion = 14.0.25420.1
MinimumVisualStudioVersion = 10.0.40219.1
Project("{FAE04EC0-301F-11D3-BF4B-00C04F79EFBC}") = "NoEF", "NoEF\NoEF.csproj", "{FB631D16-F5F5-4B93-86A2-C454AAE13803}"
EndProject
Global
	GlobalSection(SolutionConfigurationPlatforms) = preSolution
		Debug|Any CPU = Debug|Any CPU
		Release|Any CPU = Release|Any CPU
	EndGlobalSection
	GlobalSection(ProjectConfigurationPlatforms) = postSolution
		{FB631D16-F5F5-4B93-86A2-C454AAE13803}.Debug|Any CPU.ActiveCfg = Debug|Any CPU
		{FB631D16-F5F5-4B93-86A2-C454AAE13803}.Debug|Any CPU.Build.0 = Debug|Any CPU
		{FB631D16-F5F5-4B93-86A2-C454AAE13803}.Release|Any CPU.ActiveCfg = Release|Any CPU
		{FB631D16-F5F5-4B93-86A2-C454AAE13803}.Release|Any CPU.Build.0 = Release|Any CPU
	EndGlobalSection
	GlobalSection(SolutionProperties) = preSolution
		HideSolutionNode = FALSE
	EndGlobalSection
EndGlobal
